{
    "_readme": [
        "This file locks the dependencies of your project to a known state",
        "Read more about it at https://getcomposer.org/doc/01-basic-usage.md#installing-dependencies",
        "This file is @generated automatically"
    ],
    "content-hash": "6695047b30002c5e7a172cb5781d72a0",
    "packages": [],
    "packages-dev": [
        {
            "name": "psalm/phar",
            "version": "4.7.0",
            "source": {
                "type": "git",
                "url": "https://github.com/psalm/phar.git",
                "reference": "ca25f9b91842cfe0186259aaaa694d2a6fe83c05"
            },
            "dist": {
                "type": "zip",
                "url": "https://api.github.com/repos/psalm/phar/zipball/ca25f9b91842cfe0186259aaaa694d2a6fe83c05",
                "reference": "ca25f9b91842cfe0186259aaaa694d2a6fe83c05",
                "shasum": "",
                "mirrors": [
                    {
                        "url": "https://repo.packagist.com/feastframework/dists/%package%/%version%/r%reference%.%type%",
                        "preferred": true
                    }
                ]
            },
            "require": {
                "php": "^7.1 || ^8.0"
            },
            "conflict": {
                "vimeo/psalm": "*"
            },
            "bin": [
                "psalm.phar"
            ],
            "type": "library",
            "notification-url": "https://repo.packagist.com/feastframework/downloads/",
            "license": [
                "MIT"
            ],
            "description": "Composer-based Psalm Phar",
            "support": {
                "issues": "https://github.com/psalm/phar/issues",
                "source": "https://github.com/psalm/phar/tree/refs/tags/4.7.0"
            },
            "time": "2021-03-29T04:06:44+00:00"
        }
    ],
    "aliases": [],
    "minimum-stability": "stable",
    "stability-flags": [],
    "prefer-stable": false,
    "prefer-lowest": false,
    "platform": [],
    "platform-dev": [],
    "plugin-api-version": "2.0.0"
}
