{
    "_readme": [
        "This file locks the dependencies of your project to a known state",
        "Read more about it at https://getcomposer.org/doc/01-basic-usage.md#installing-dependencies",
        "This file is @generated automatically"
    ],
    "content-hash": "c485b209d8b022f85b5a4317b180c7cc",
    "packages": [],
    "packages-dev": [
        {
            "name": "psalm/phar",
            "version": "dev-master",
            "source": {
                "type": "git",
                "url": "https://github.com/psalm/phar.git",
                "reference": "882ca87ee9b10237b0e952d6cb713bcead486d3b"
            },
            "dist": {
                "type": "zip",
                "url": "https://api.github.com/repos/psalm/phar/zipball/882ca87ee9b10237b0e952d6cb713bcead486d3b",
                "reference": "882ca87ee9b10237b0e952d6cb713bcead486d3b",
                "shasum": ""
            },
            "require": {
                "php": "^7.1 || ^8.0"
            },
            "conflict": {
                "vimeo/psalm": "*"
            },
            "default-branch": true,
            "bin": [
                "psalm.phar"
            ],
            "type": "library",
            "notification-url": "https://packagist.org/downloads/",
            "license": [
                "MIT"
            ],
            "description": "Composer-based Psalm Phar",
            "support": {
                "issues": "https://github.com/psalm/phar/issues",
                "source": "https://github.com/psalm/phar/tree/master"
            },
            "time": "2021-11-24T22:46:14+00:00"
        }
    ],
    "aliases": [],
    "minimum-stability": "stable",
    "stability-flags": {
        "psalm/phar": 20
    },
    "prefer-stable": false,
    "prefer-lowest": false,
    "platform": {
        "php": "^8.1.0",
        "ext-pdo": "*",
        "ext-xml": "*",
        "ext-readline": "*",
        "ext-ctype": "*",
        "ext-simplexml": "*",
        "ext-libxml": "*",
        "ext-fileinfo": "*"
    },
    "platform-dev": [],
    "plugin-api-version": "2.1.0"
}
